
Microsoft Visual Studio Solution File, Format Version 12.00
# Visual Studio Version 17
VisualStudioVersion = 17.8.34309.116
MinimumVisualStudioVersion = 10.0.40219.1
Project("{8BC9CEB8-8B4A-11D0-8D11-00A0C91BC942}") = "task1", "task1\task1.vcxproj", "{AB5AFD46-8BA1-486B-B378-D08737547588}"
EndProject
Project("{8BC9CEB8-8B4A-11D0-8D11-00A0C91BC942}") = "task2", "task2\task2.vcxproj", "{9072B35E-62E6-49AB-B476-62264414ECB5}"
EndProject
Project("{8BC9CEB8-8B4A-11D0-8D11-00A0C91BC942}") = "task3", "task3\task3.vcxproj", "{EF1170B4-9B5B-4511-8613-3ADCF64F1ABF}"
EndProject
Project("{8BC9CEB8-8B4A-11D0-8D11-00A0C91BC942}") = "task4", "task4\task4.vcxproj", "{438B6CDB-8CC1-4589-AB09-65DA8CFE23FA}"
EndProject
Project("{8BC9CEB8-8B4A-11D0-8D11-00A0C91BC942}") = "task5", "task5\task5.vcxproj", "{6A46BE93-CCD9-4872-98F6-48A6D509BE98}"
EndProject
Global
	GlobalSection(SolutionConfigurationPlatforms) = preSolution
		Debug|x64 = Debug|x64
		Debug|x86 = Debug|x86
		Release|x64 = Release|x64
		Release|x86 = Release|x86
	EndGlobalSection
	GlobalSection(ProjectConfigurationPlatforms) = postSolution
		{AB5AFD46-8BA1-486B-B378-D08737547588}.Debug|x64.ActiveCfg = Debug|x64
		{AB5AFD46-8BA1-486B-B378-D08737547588}.Debug|x64.Build.0 = Debug|x64
		{AB5AFD46-8BA1-486B-B378-D08737547588}.Debug|x86.ActiveCfg = Debug|Win32
		{AB5AFD46-8BA1-486B-B378-D08737547588}.Debug|x86.Build.0 = Debug|Win32
		{AB5AFD46-8BA1-486B-B378-D08737547588}.Release|x64.ActiveCfg = Release|x64
		{AB5AFD46-8BA1-486B-B378-D08737547588}.Release|x64.Build.0 = Release|x64
		{AB5AFD46-8BA1-486B-B378-D08737547588}.Release|x86.ActiveCfg = Release|Win32
		{AB5AFD46-8BA1-486B-B378-D08737547588}.Release|x86.Build.0 = Release|Win32
		{9072B35E-62E6-49AB-B476-62264414ECB5}.Debug|x64.ActiveCfg = Debug|x64
		{9072B35E-62E6-49AB-B476-62264414ECB5}.Debug|x64.Build.0 = Debug|x64
		{9072B35E-62E6-49AB-B476-62264414ECB5}.Debug|x86.ActiveCfg = Debug|Win32
		{9072B35E-62E6-49AB-B476-62264414ECB5}.Debug|x86.Build.0 = Debug|Win32
		{9072B35E-62E6-49AB-B476-62264414ECB5}.Release|x64.ActiveCfg = Release|x64
		{9072B35E-62E6-49AB-B476-62264414ECB5}.Release|x64.Build.0 = Release|x64
		{9072B35E-62E6-49AB-B476-62264414ECB5}.Release|x86.ActiveCfg = Release|Win32
		{9072B35E-62E6-49AB-B476-62264414ECB5}.Release|x86.Build.0 = Release|Win32
		{EF1170B4-9B5B-4511-8613-3ADCF64F1ABF}.Debug|x64.ActiveCfg = Debug|x64
		{EF1170B4-9B5B-4511-8613-3ADCF64F1ABF}.Debug|x64.Build.0 = Debug|x64
		{EF1170B4-9B5B-4511-8613-3ADCF64F1ABF}.Debug|x86.ActiveCfg = Debug|Win32
		{EF1170B4-9B5B-4511-8613-3ADCF64F1ABF}.Debug|x86.Build.0 = Debug|Win32
		{EF1170B4-9B5B-4511-8613-3ADCF64F1ABF}.Release|x64.ActiveCfg = Release|x64
		{EF1170B4-9B5B-4511-8613-3ADCF64F1ABF}.Release|x64.Build.0 = Release|x64
		{EF1170B4-9B5B-4511-8613-3ADCF64F1ABF}.Release|x86.ActiveCfg = Release|Win32
		{EF1170B4-9B5B-4511-8613-3ADCF64F1ABF}.Release|x86.Build.0 = Release|Win32
		{438B6CDB-8CC1-4589-AB09-65DA8CFE23FA}.Debug|x64.ActiveCfg = Debug|x64
		{438B6CDB-8CC1-4589-AB09-65DA8CFE23FA}.Debug|x64.Build.0 = Debug|x64
		{438B6CDB-8CC1-4589-AB09-65DA8CFE23FA}.Debug|x86.ActiveCfg = Debug|Win32
		{438B6CDB-8CC1-4589-AB09-65DA8CFE23FA}.Debug|x86.Build.0 = Debug|Win32
		{438B6CDB-8CC1-4589-AB09-65DA8CFE23FA}.Release|x64.ActiveCfg = Release|x64
		{438B6CDB-8CC1-4589-AB09-65DA8CFE23FA}.Release|x64.Build.0 = Release|x64
		{438B6CDB-8CC1-4589-AB09-65DA8CFE23FA}.Release|x86.ActiveCfg = Release|Win32
		{438B6CDB-8CC1-4589-AB09-65DA8CFE23FA}.Release|x86.Build.0 = Release|Win32
		{6A46BE93-CCD9-4872-98F6-48A6D509BE98}.Debug|x64.ActiveCfg = Debug|x64
		{6A46BE93-CCD9-4872-98F6-48A6D509BE98}.Debug|x64.Build.0 = Debug|x64
		{6A46BE93-CCD9-4872-98F6-48A6D509BE98}.Debug|x86.ActiveCfg = Debug|Win32
		{6A46BE93-CCD9-4872-98F6-48A6D509BE98}.Debug|x86.Build.0 = Debug|Win32
		{6A46BE93-CCD9-4872-98F6-48A6D509BE98}.Release|x64.ActiveCfg = Release|x64
		{6A46BE93-CCD9-4872-98F6-48A6D509BE98}.Release|x64.Build.0 = Release|x64
		{6A46BE93-CCD9-4872-98F6-48A6D509BE98}.Release|x86.ActiveCfg = Release|Win32
		{6A46BE93-CCD9-4872-98F6-48A6D509BE98}.Release|x86.Build.0 = Release|Win32
	EndGlobalSection
	GlobalSection(SolutionProperties) = preSolution
		HideSolutionNode = FALSE
	EndGlobalSection
	GlobalSection(ExtensibilityGlobals) = postSolution
		SolutionGuid = {2CAB58EF-0FA5-4526-A7FA-9E9E0737B1AA}
	EndGlobalSection
EndGlobal
